
Microsoft Visual Studio Solution File, Format Version 12.00
# Visual Studio Version 16
VisualStudioVersion = 16.0.33529.622
MinimumVisualStudioVersion = 10.0.40219.1
Project("{FAE04EC0-301F-11D3-BF4B-00C04F79EFBC}") = "eokulörnek", "eokulörnek.csproj", "{2017BADB-C120-4EA0-8075-CFA634CB4517}"
EndProject
Global
	GlobalSection(SolutionConfigurationPlatforms) = preSolution
		Debug|Any CPU = Debug|Any CPU
		Release|Any CPU = Release|Any CPU
	EndGlobalSection
	GlobalSection(ProjectConfigurationPlatforms) = postSolution
		{2017BADB-C120-4EA0-8075-CFA634CB4517}.Debug|Any CPU.ActiveCfg = Debug|Any CPU
		{2017BADB-C120-4EA0-8075-CFA634CB4517}.Debug|Any CPU.Build.0 = Debug|Any CPU
		{2017BADB-C120-4EA0-8075-CFA634CB4517}.Release|Any CPU.ActiveCfg = Release|Any CPU
		{2017BADB-C120-4EA0-8075-CFA634CB4517}.Release|Any CPU.Build.0 = Release|Any CPU
	EndGlobalSection
	GlobalSection(SolutionProperties) = preSolution
		HideSolutionNode = FALSE
	EndGlobalSection
	GlobalSection(ExtensibilityGlobals) = postSolution
		SolutionGuid = {9DE8B838-7563-4A31-B49B-C205DF91A1CB}
	EndGlobalSection
EndGlobal
